
Microsoft Visual Studio Solution File, Format Version 12.00
# Visual Studio Version 16
VisualStudioVersion = 16.0.31424.327
MinimumVisualStudioVersion = 10.0.40219.1
Project("{FAE04EC0-301F-11D3-BF4B-00C04F79EFBC}") = "TP3LunaLeandroMatias", "TP3LunaLeandroMatias\TP3LunaLeandroMatias.csproj", "{40628716-D0DA-43A1-9678-98E1E7BCAB6B}"
EndProject
Global
	GlobalSection(SolutionConfigurationPlatforms) = preSolution
		Debug|Any CPU = Debug|Any CPU
		Release|Any CPU = Release|Any CPU
	EndGlobalSection
	GlobalSection(ProjectConfigurationPlatforms) = postSolution
		{40628716-D0DA-43A1-9678-98E1E7BCAB6B}.Debug|Any CPU.ActiveCfg = Debug|Any CPU
		{40628716-D0DA-43A1-9678-98E1E7BCAB6B}.Debug|Any CPU.Build.0 = Debug|Any CPU
		{40628716-D0DA-43A1-9678-98E1E7BCAB6B}.Release|Any CPU.ActiveCfg = Release|Any CPU
		{40628716-D0DA-43A1-9678-98E1E7BCAB6B}.Release|Any CPU.Build.0 = Release|Any CPU
	EndGlobalSection
	GlobalSection(SolutionProperties) = preSolution
		HideSolutionNode = FALSE
	EndGlobalSection
	GlobalSection(ExtensibilityGlobals) = postSolution
		SolutionGuid = {CFC9D6B1-12BA-4B89-AC27-A9058A01BCC5}
	EndGlobalSection
EndGlobal
